
Microsoft Visual Studio Solution File, Format Version 12.00
# Visual Studio 15
VisualStudioVersion = 15.0.28307.168
MinimumVisualStudioVersion = 10.0.40219.1
Project("{FAE04EC0-301F-11D3-BF4B-00C04F79EFBC}") = "quick sort", "quick sort\quick sort.csproj", "{4B9FF3F4-ED4F-470D-81E7-91B388C29FA2}"
EndProject
Global
	GlobalSection(SolutionConfigurationPlatforms) = preSolution
		Debug|Any CPU = Debug|Any CPU
		Release|Any CPU = Release|Any CPU
	EndGlobalSection
	GlobalSection(ProjectConfigurationPlatforms) = postSolution
		{4B9FF3F4-ED4F-470D-81E7-91B388C29FA2}.Debug|Any CPU.ActiveCfg = Debug|Any CPU
		{4B9FF3F4-ED4F-470D-81E7-91B388C29FA2}.Debug|Any CPU.Build.0 = Debug|Any CPU
		{4B9FF3F4-ED4F-470D-81E7-91B388C29FA2}.Release|Any CPU.ActiveCfg = Release|Any CPU
		{4B9FF3F4-ED4F-470D-81E7-91B388C29FA2}.Release|Any CPU.Build.0 = Release|Any CPU
	EndGlobalSection
	GlobalSection(SolutionProperties) = preSolution
		HideSolutionNode = FALSE
	EndGlobalSection
	GlobalSection(ExtensibilityGlobals) = postSolution
		SolutionGuid = {742A2058-7515-470C-88FF-2166B53AEB9A}
	EndGlobalSection
EndGlobal
